// !$*UTF8*$!
{
	archiveVersion = 1;
	classes = {
	};
	objectVersion = 46;
	objects = {

/* Begin PBXBuildFile section */
		643AD32E1D1A06D80022D020 /* Assets.xcassets in Resources */ = {isa = PBXBuildFile; fileRef = 643AD32D1D1A06D80022D020 /* Assets.xcassets */; };
		643AD3311D1A06D80022D020 /* LaunchScreen.storyboard in Resources */ = {isa = PBXBuildFile; fileRef = 643AD32F1D1A06D80022D020 /* LaunchScreen.storyboard */; };
		643AD3391D1A07010022D020 /* AppDelegate.swift in Sources */ = {isa = PBXBuildFile; fileRef = 643AD3381D1A07010022D020 /* AppDelegate.swift */; };
		643AD33B1D1A07080022D020 /* ViewController.swift in Sources */ = {isa = PBXBuildFile; fileRef = 643AD33A1D1A07080022D020 /* ViewController.swift */; };
		643AD33D1D1A0B3C0022D020 /* Square.swift in Sources */ = {isa = PBXBuildFile; fileRef = 643AD33C1D1A0B3C0022D020 /* Square.swift */; };
/* End PBXBuildFile section */

/* Begin PBXFileReference section */
		643AD3231D1A06D80022D020 /* AnimateWithUIViewPropertyAnimator.app */ = {isa = PBXFileReference; explicitFileType = wrapper.application; includeInIndex = 0; path = AnimateWithUIViewPropertyAnimator.app; sourceTree = BUILT_PRODUCTS_DIR; };
		643AD32D1D1A06D80022D020 /* Assets.xcassets */ = {isa = PBXFileReference; lastKnownFileType = folder.assetcatalog; path = Assets.xcassets; sourceTree = "<group>"; };
		643AD3301D1A06D80022D020 /* Base */ = {isa = PBXFileReference; lastKnownFileType = file.storyboard; name = Base; path = Base.lproj/LaunchScreen.storyboard; sourceTree = "<group>"; };
		643AD3321D1A06D80022D020 /* Info.plist */ = {isa = PBXFileReference; lastKnownFileType = text.plist.xml; path = Info.plist; sourceTree = "<group>"; };
		643AD3381D1A07010022D020 /* AppDelegate.swift */ = {isa = PBXFileReference; fileEncoding = 4; lastKnownFileType = sourcecode.swift; path = AppDelegate.swift; sourceTree = "<group>"; };
		643AD33A1D1A07080022D020 /* ViewController.swift */ = {isa = PBXFileReference; fileEncoding = 4; lastKnownFileType = sourcecode.swift; path = ViewController.swift; sourceTree = "<group>"; };
		643AD33C1D1A0B3C0022D020 /* Square.swift */ = {isa = PBXFileReference; fileEncoding = 4; lastKnownFileType = sourcecode.swift; path = Square.swift; sourceTree = "<group>"; };
/* End PBXFileReference section */

/* Begin PBXFrameworksBuildPhase section */
		643AD3201D1A06D80022D020 /* Frameworks */ = {
			isa = PBXFrameworksBuildPhase;
			buildActionMask = 2147483647;
			files = (
			);
			runOnlyForDeploymentPostprocessing = 0;
		};
/* End PBXFrameworksBuildPhase section */

/* Begin PBXGroup section */
		643AD31A1D1A06D80022D020 = {
			isa = PBXGroup;
			children = (
				643AD3251D1A06D80022D020 /* AnimateWithUIViewPropertyAnimator */,
				643AD3241D1A06D80022D020 /* Products */,
			);
			sourceTree = "<group>";
		};
		643AD3241D1A06D80022D020 /* Products */ = {
			isa = PBXGroup;
			children = (
				643AD3231D1A06D80022D020 /* AnimateWithUIViewPropertyAnimator.app */,
			);
			name = Products;
			sourceTree = "<group>";
		};
		643AD3251D1A06D80022D020 /* AnimateWithUIViewPropertyAnimator */ = {
			isa = PBXGroup;
			children = (
				643AD3381D1A07010022D020 /* AppDelegate.swift */,
				643AD33A1D1A07080022D020 /* ViewController.swift */,
				643AD33C1D1A0B3C0022D020 /* Square.swift */,
				643AD32D1D1A06D80022D020 /* Assets.xcassets */,
				643AD32F1D1A06D80022D020 /* LaunchScreen.storyboard */,
				643AD3321D1A06D80022D020 /* Info.plist */,
			);
			path = AnimateWithUIViewPropertyAnimator;
			sourceTree = "<group>";
		};
/* End PBXGroup section */

/* Begin PBXNativeTarget section */
		643AD3221D1A06D80022D020 /* AnimateWithUIViewPropertyAnimator */ = {
			isa = PBXNativeTarget;
			buildConfigurationList = 643AD3351D1A06D80022D020 /* Build configuration list for PBXNativeTarget "AnimateWithUIViewPropertyAnimator" */;
			buildPhases = (
				643AD31F1D1A06D80022D020 /* Sources */,
				643AD3201D1A06D80022D020 /* Frameworks */,
				643AD3211D1A06D80022D020 /* Resources */,
			);
			buildRules = (
			);
			dependencies = (
			);
			name = AnimateWithUIViewPropertyAnimator;
			productName = AnimateWithUIViewPropertyAnimator;
			productReference = 643AD3231D1A06D80022D020 /* AnimateWithUIViewPropertyAnimator.app */;
			productType = "com.apple.product-type.application";
		};
/* End PBXNativeTarget section */

/* Begin PBXProject section */
		643AD31B1D1A06D80022D020 /* Project object */ = {
			isa = PBXProject;
			attributes = {
				LastSwiftUpdateCheck = 0800;
				LastUpgradeCheck = 0800;
				ORGANIZATIONNAME = "Manuel Carlos";
				TargetAttributes = {
					643AD3221D1A06D80022D020 = {
						CreatedOnToolsVersion = 8.0;
						DevelopmentTeam = X4WRR7YD46;
						DevelopmentTeamName = "manuel lopes (Personal Team)";
						LastSwiftMigration = 0800;
						ProvisioningStyle = Automatic;
					};
				};
			};
			buildConfigurationList = 643AD31E1D1A06D80022D020 /* Build configuration list for PBXProject "AnimateWithUIViewPropertyAnimator" */;
			compatibilityVersion = "Xcode 3.2";
			developmentRegion = English;
			hasScannedForEncodings = 0;
			knownRegions = (
				en,
				Base,
			);
			mainGroup = 643AD31A1D1A06D80022D020;
			productRefGroup = 643AD3241D1A06D80022D020 /* Products */;
			projectDirPath = "";
			projectRoot = "";
			targets = (
				643AD3221D1A06D80022D020 /* AnimateWithUIViewPropertyAnimator */,
			);
		};
/* End PBXProject section */

/* Begin PBXResourcesBuildPhase section */
		643AD3211D1A06D80022D020 /* Resources */ = {
			isa = PBXResourcesBuildPhase;
			buildActionMask = 2147483647;
			files = (
				643AD3311D1A06D80022D020 /* LaunchScreen.storyboard in Resources */,
				643AD32E1D1A06D80022D020 /* Assets.xcassets in Resources */,
			);
			runOnlyForDeploymentPostprocessing = 0;
		};
/* End PBXResourcesBuildPhase section */

/* Begin PBXSourcesBuildPhase section */
		643AD31F1D1A06D80022D020 /* Sources */ = {
			isa = PBXSourcesBuildPhase;
			buildActionMask = 2147483647;
			files = (
				643AD33D1D1A0B3C0022D020 /* Square.swift in Sources */,
				643AD33B1D1A07080022D020 /* ViewController.swift in Sources */,
				643AD3391D1A07010022D020 /* AppDelegate.swift in Sources */,
			);
			runOnlyForDeploymentPostprocessing = 0;
		};
/* End PBXSourcesBuildPhase section */

/* Begin PBXVariantGroup section */
		643AD32F1D1A06D80022D020 /* LaunchScreen.storyboard */ = {
			isa = PBXVariantGroup;
			children = (
				643AD3301D1A06D80022D020 /* Base */,
			);
			name = LaunchScreen.storyboard;
			sourceTree = "<group>";
		};
/* End PBXVariantGroup section */

/* Begin XCBuildConfiguration section */
		643AD3331D1A06D80022D020 /* Debug */ = {
			isa = XCBuildConfiguration;
			buildSettings = {
				ALWAYS_SEARCH_USER_PATHS = NO;
				CLANG_ANALYZER_NONNULL = YES;
				CLANG_CXX_LANGUAGE_STANDARD = "gnu++0x";
				CLANG_CXX_LIBRARY = "libc++";
				CLANG_ENABLE_MODULES = YES;
				CLANG_ENABLE_OBJC_ARC = YES;
				CLANG_WARN_BOOL_CONVERSION = YES;
				CLANG_WARN_CONSTANT_CONVERSION = YES;
				CLANG_WARN_DIRECT_OBJC_ISA_USAGE = YES_ERROR;
				CLANG_WARN_DOCUMENTATION_COMMENTS = YES;
				CLANG_WARN_EMPTY_BODY = YES;
				CLANG_WARN_ENUM_CONVERSION = YES;
				CLANG_WARN_INT_CONVERSION = YES;
				CLANG_WARN_OBJC_ROOT_CLASS = YES_ERROR;
				CLANG_WARN_UNREACHABLE_CODE = YES;
				CLANG_WARN__DUPLICATE_METHOD_MATCH = YES;
				"CODE_SIGN_IDENTITY[sdk=iphoneos*]" = "iPhone Developer";
				COPY_PHASE_STRIP = NO;
				DEBUG_INFORMATION_FORMAT = dwarf;
				ENABLE_STRICT_OBJC_MSGSEND = YES;
				ENABLE_TESTABILITY = YES;
				GCC_C_LANGUAGE_STANDARD = gnu99;
				GCC_DYNAMIC_NO_PIC = NO;
				GCC_NO_COMMON_BLOCKS = YES;
				GCC_OPTIMIZATION_LEVEL = 0;
				GCC_PREPROCESSOR_DEFINITIONS = (
					"DEBUG=1",
					"$(inherited)",
				);
				GCC_WARN_64_TO_32_BIT_CONVERSION = YES;
				GCC_WARN_ABOUT_RETURN_TYPE = YES_ERROR;
				GCC_WARN_UNDECLARED_SELECTOR = YES;
				GCC_WARN_UNINITIALIZED_AUTOS = YES_AGGRESSIVE;
				GCC_WARN_UNUSED_FUNCTION = YES;
				GCC_WARN_UNUSED_VARIABLE = YES;
				IPHONEOS_DEPLOYMENT_TARGET = 10.0;
				MTL_ENABLE_DEBUG_INFO = YES;
				ONLY_ACTIVE_ARCH = YES;
				SDKROOT = iphoneos;
				SWIFT_ACTIVE_COMPILATION_CONDITIONS = DEBUG;
				SWIFT_OPTIMIZATION_LEVEL = "-Onone";
			};
			name = Debug;
		};
		643AD3341D1A06D80022D020 /* Release */ = {
			isa = XCBuildConfiguration;
			buildSettings = {
				ALWAYS_SEARCH_USER_PATHS = NO;
				CLANG_ANALYZER_NONNULL = YES;
				CLANG_CXX_LANGUAGE_STANDARD = "gnu++0x";
				CLANG_CXX_LIBRARY = "libc++";
				CLANG_ENABLE_MODULES = YES;
				CLANG_ENABLE_OBJC_ARC = YES;
				CLANG_WARN_BOOL_CONVERSION = YES;
				CLANG_WARN_CONSTANT_CONVERSION = YES;
				CLANG_WARN_DIRECT_OBJC_ISA_USAGE = YES_ERROR;
				CLANG_WARN_DOCUMENTATION_COMMENTS = YES;
				CLANG_WARN_EMPTY_BODY = YES;
				CLANG_WARN_ENUM_CONVERSION = YES;
				CLANG_WARN_INT_CONVERSION = YES;
				CLANG_WARN_OBJC_ROOT_CLASS = YES_ERROR;
				CLANG_WARN_UNREACHABLE_CODE = YES;
				CLANG_WARN__DUPLICATE_METHOD_MATCH = YES;
				"CODE_SIGN_IDENTITY[sdk=iphoneos*]" = "iPhone Developer";
				COPY_PHASE_STRIP = NO;
				DEBUG_INFORMATION_FORMAT = "dwarf-with-dsym";
				ENABLE_NS_ASSERTIONS = NO;
				ENABLE_STRICT_OBJC_MSGSEND = YES;
				GCC_C_LANGUAGE_STANDARD = gnu99;
				GCC_NO_COMMON_BLOCKS = YES;
				GCC_WARN_64_TO_32_BIT_CONVERSION = YES;
				GCC_WARN_ABOUT_RETURN_TYPE = YES_ERROR;
				GCC_WARN_UNDECLARED_SELECTOR = YES;
				GCC_WARN_UNINITIALIZED_AUTOS = YES_AGGRESSIVE;
				GCC_WARN_UNUSED_FUNCTION = YES;
				GCC_WARN_UNUSED_VARIABLE = YES;
				IPHONEOS_DEPLOYMENT_TARGET = 10.0;
				MTL_ENABLE_DEBUG_INFO = NO;
				SDKROOT = iphoneos;
				SWIFT_OPTIMIZATION_LEVEL = "-Owholemodule";
				VALIDATE_PRODUCT = YES;
			};
			name = Release;
		};
		643AD3361D1A06D80022D020 /* Debug */ = {
			isa = XCBuildConfiguration;
			buildSettings = {
				ASSETCATALOG_COMPILER_APPICON_NAME = AppIcon;
				CLANG_ENABLE_MODULES = YES;
				INFOPLIST_FILE = AnimateWithUIViewPropertyAnimator/Info.plist;
				LD_RUNPATH_SEARCH_PATHS = "$(inherited) @executable_path/Frameworks";
				PRODUCT_BUNDLE_IDENTIFIER = mc.AnimateWithUIViewPropertyAnimator;
				PRODUCT_NAME = "$(TARGET_NAME)";
				SWIFT_OPTIMIZATION_LEVEL = "-Onone";
				SWIFT_VERSION = 3.0;
			};
			name = Debug;
		};
		643AD3371D1A06D80022D020 /* Release */ = {
			isa = XCBuildConfiguration;
			buildSettings = {
				ASSETCATALOG_COMPILER_APPICON_NAME = AppIcon;
				CLANG_ENABLE_MODULES = YES;
				INFOPLIST_FILE = AnimateWithUIViewPropertyAnimator/Info.plist;
				LD_RUNPATH_SEARCH_PATHS = "$(inherited) @executable_path/Frameworks";
				PRODUCT_BUNDLE_IDENTIFIER = mc.AnimateWithUIViewPropertyAnimator;
				PRODUCT_NAME = "$(TARGET_NAME)";
				SWIFT_VERSION = 3.0;
			};
			name = Release;
		};
/* End XCBuildConfiguration section */

/* Begin XCConfigurationList section */
		643AD31E1D1A06D80022D020 /* Build configuration list for PBXProject "AnimateWithUIViewPropertyAnimator" */ = {
			isa = XCConfigurationList;
			buildConfigurations = (
				643AD3331D1A06D80022D020 /* Debug */,
				643AD3341D1A06D80022D020 /* Release */,
			);
			defaultConfigurationIsVisible = 0;
			defaultConfigurationName = Release;
		};
		643AD3351D1A06D80022D020 /* Build configuration list for PBXNativeTarget "AnimateWithUIViewPropertyAnimator" */ = {
			isa = XCConfigurationList;
			buildConfigurations = (
				643AD3361D1A06D80022D020 /* Debug */,
				643AD3371D1A06D80022D020 /* Release */,
			);
			defaultConfigurationIsVisible = 0;
		};
/* End XCConfigurationList section */
	};
	rootObject = 643AD31B1D1A06D80022D020 /* Project object */;
}
